# THIS IS AN AUTOGENERATED FILE. DO NOT EDIT THIS FILE DIRECTLY.
# yarn lockfile v1


"@aws-crypto/ie11-detection@^3.0.0":
  version "3.0.0"
  resolved "https://registry.yarnpkg.com/@aws-crypto/ie11-detection/-/ie11-detection-3.0.0.tgz#640ae66b4ec3395cee6a8e94ebcd9f80c24cd688"
  integrity sha512-341lBBkiY1DfDNKai/wXM3aujNBkXR7tq1URPQDL9wi3AUbI80NR74uF1TXHMm7po1AcnFk8iu2S2IeU/+/A+Q==
  dependencies:
    tslib "^1.11.1"

"@aws-crypto/sha256-browser@3.0.0":
  version "3.0.0"
  resolved "https://registry.yarnpkg.com/@aws-crypto/sha256-browser/-/sha256-browser-3.0.0.tgz#05f160138ab893f1c6ba5be57cfd108f05827766"
  integrity sha512-8VLmW2B+gjFbU5uMeqtQM6Nj0/F1bro80xQXCW6CQBWgosFWXTx77aeOF5CAIAmbOK64SdMBJdNr6J41yP5mvQ==
  dependencies:
    "@aws-crypto/ie11-detection" "^3.0.0"
    "@aws-crypto/sha256-js" "^3.0.0"
    "@aws-crypto/supports-web-crypto" "^3.0.0"
    "@aws-crypto/util" "^3.0.0"
    "@aws-sdk/types" "^3.222.0"
    "@aws-sdk/util-locate-window" "^3.0.0"
    "@aws-sdk/util-utf8-browser" "^3.0.0"
    tslib "^1.11.1"

"@aws-crypto/sha256-js@3.0.0", "@aws-crypto/sha256-js@^3.0.0":
  version "3.0.0"
  resolved "https://registry.yarnpkg.com/@aws-crypto/sha256-js/-/sha256-js-3.0.0.tgz#f06b84d550d25521e60d2a0e2a90139341e007c2"
  integrity sha512-PnNN7os0+yd1XvXAy23CFOmTbMaDxgxXtTKHybrJ39Y8kGzBATgBFibWJKH6BhytLI/Zyszs87xCOBNyBig6vQ==
  dependencies:
    "@aws-crypto/util" "^3.0.0"
    "@aws-sdk/types" "^3.222.0"
    tslib "^1.11.1"

"@aws-crypto/supports-web-crypto@^3.0.0":
  version "3.0.0"
  resolved "https://registry.yarnpkg.com/@aws-crypto/supports-web-crypto/-/supports-web-crypto-3.0.0.tgz#5d1bf825afa8072af2717c3e455f35cda0103ec2"
  integrity sha512-06hBdMwUAb2WFTuGG73LSC0wfPu93xWwo5vL2et9eymgmu3Id5vFAHBbajVWiGhPO37qcsdCap/FqXvJGJWPIg==
  dependencies:
    tslib "^1.11.1"

"@aws-crypto/util@^3.0.0":
  version "3.0.0"
  resolved "https://registry.yarnpkg.com/@aws-crypto/util/-/util-3.0.0.tgz#1c7ca90c29293f0883468ad48117937f0fe5bfb0"
  integrity sha512-2OJlpeJpCR48CC8r+uKVChzs9Iungj9wkZrl8Z041DWEWvyIHILYKCPNzJghKsivj+S3mLo6BVc7mBNzdxA46w==
  dependencies:
    "@aws-sdk/types" "^3.222.0"
    "@aws-sdk/util-utf8-browser" "^3.0.0"
    tslib "^1.11.1"

"@aws-sdk/abort-controller@3.310.0":
  version "3.310.0"
  resolved "https://registry.yarnpkg.com/@aws-sdk/abort-controller/-/abort-controller-3.310.0.tgz#0da2d29b823daa03b7c1f0b43de1f030583b4f51"
  integrity sha512-v1zrRQxDLA1MdPim159Vx/CPHqsB4uybSxRi1CnfHO5ZjHryx3a5htW2gdGAykVCul40+yJXvfpufMrELVxH+g==
  dependencies:
    "@aws-sdk/types" "3.310.0"
    tslib "^2.5.0"

"@aws-sdk/client-dynamodb@^3.315.0":
  version "3.315.0"
  resolved "https://registry.yarnpkg.com/@aws-sdk/client-dynamodb/-/client-dynamodb-3.315.0.tgz#1a56449b49eaf17cf5fa78cc6190f2cfdb47c0f4"
  integrity sha512-Fr1dbEI9vbZcBokRsWjwFUQbT1u4h29FdLjbJU4PlvyvgvXcxJnvXuGHuOVjLjrEpEhied6zVZ42JaRCXaE0ug==
  dependencies:
    "@aws-crypto/sha256-browser" "3.0.0"
    "@aws-crypto/sha256-js" "3.0.0"
    "@aws-sdk/client-sts" "3.315.0"
    "@aws-sdk/config-resolver" "3.310.0"
    "@aws-sdk/credential-provider-node" "3.315.0"
    "@aws-sdk/fetch-http-handler" "3.310.0"
    "@aws-sdk/hash-node" "3.310.0"
    "@aws-sdk/invalid-dependency" "3.310.0"
    "@aws-sdk/middleware-content-length" "3.310.0"
    "@aws-sdk/middleware-endpoint" "3.310.0"
    "@aws-sdk/middleware-endpoint-discovery" "3.310.0"
    "@aws-sdk/middleware-host-header" "3.310.0"
    "@aws-sdk/middleware-logger" "3.310.0"
    "@aws-sdk/middleware-recursion-detection" "3.310.0"
    "@aws-sdk/middleware-retry" "3.310.0"
    "@aws-sdk/middleware-serde" "3.310.0"
    "@aws-sdk/middleware-signing" "3.310.0"
    "@aws-sdk/middleware-stack" "3.310.0"
    "@aws-sdk/middleware-user-agent" "3.310.0"
    "@aws-sdk/node-config-provider" "3.310.0"
    "@aws-sdk/node-http-handler" "3.310.0"
    "@aws-sdk/protocol-http" "3.310.0"
    "@aws-sdk/smithy-client" "3.315.0"
    "@aws-sdk/types" "3.310.0"
    "@aws-sdk/url-parser" "3.310.0"
    "@aws-sdk/util-base64" "3.310.0"
    "@aws-sdk/util-body-length-browser" "3.310.0"
    "@aws-sdk/util-body-length-node" "3.310.0"
    "@aws-sdk/util-defaults-mode-browser" "3.315.0"
    "@aws-sdk/util-defaults-mode-node" "3.315.0"
    "@aws-sdk/util-endpoints" "3.310.0"
    "@aws-sdk/util-retry" "3.310.0"
    "@aws-sdk/util-user-agent-browser" "3.310.0"
    "@aws-sdk/util-user-agent-node" "3.310.0"
    "@aws-sdk/util-utf8" "3.310.0"
    "@aws-sdk/util-waiter" "3.310.0"
    tslib "^2.5.0"
    uuid "^8.3.2"

"@aws-sdk/client-sso-oidc@3.315.0":
  version "3.315.0"
  resolved "https://registry.yarnpkg.com/@aws-sdk/client-sso-oidc/-/client-sso-oidc-3.315.0.tgz#6a89f54c8b5f389eea59589cf96007361050d125"
  integrity sha512-OJgtmx6SpCWHBDCxBBi36Ro44uCqZBufGkThP/PVYrgVnRVnJ4V18d2wNGKmS37zKmCHHJPnhMPlGOgE2qyVPQ==
  dependencies:
    "@aws-crypto/sha256-browser" "3.0.0"
    "@aws-crypto/sha256-js" "3.0.0"
    "@aws-sdk/config-resolver" "3.310.0"
    "@aws-sdk/fetch-http-handler" "3.310.0"
    "@aws-sdk/hash-node" "3.310.0"
    "@aws-sdk/invalid-dependency" "3.310.0"
    "@aws-sdk/middleware-content-length" "3.310.0"
    "@aws-sdk/middleware-endpoint" "3.310.0"
    "@aws-sdk/middleware-host-header" "3.310.0"
    "@aws-sdk/middleware-logger" "3.310.0"
    "@aws-sdk/middleware-recursion-detection" "3.310.0"
    "@aws-sdk/middleware-retry" "3.310.0"
    "@aws-sdk/middleware-serde" "3.310.0"
    "@aws-sdk/middleware-stack" "3.310.0"
    "@aws-sdk/middleware-user-agent" "3.310.0"
    "@aws-sdk/node-config-provider" "3.310.0"
    "@aws-sdk/node-http-handler" "3.310.0"
    "@aws-sdk/protocol-http" "3.310.0"
    "@aws-sdk/smithy-client" "3.315.0"
    "@aws-sdk/types" "3.310.0"
    "@aws-sdk/url-parser" "3.310.0"
    "@aws-sdk/util-base64" "3.310.0"
    "@aws-sdk/util-body-length-browser" "3.310.0"
    "@aws-sdk/util-body-length-node" "3.310.0"
    "@aws-sdk/util-defaults-mode-browser" "3.315.0"
    "@aws-sdk/util-defaults-mode-node" "3.315.0"
    "@aws-sdk/util-endpoints" "3.310.0"
    "@aws-sdk/util-retry" "3.310.0"
    "@aws-sdk/util-user-agent-browser" "3.310.0"
    "@aws-sdk/util-user-agent-node" "3.310.0"
    "@aws-sdk/util-utf8" "3.310.0"
    tslib "^2.5.0"

"@aws-sdk/client-sso@3.315.0":
  version "3.315.0"
  resolved "https://registry.yarnpkg.com/@aws-sdk/client-sso/-/client-sso-3.315.0.tgz#436b2ef30a56c65cf7bc328a540a988160f2b246"
  integrity sha512-P3QOOyHQER7EDVCzXOsAaJE2p/qfdsSFsYv8k2S8LqEKGH0fViQ4Ph540uKlmaOt1kEhwH1wI6cLRMJJX9XV4Q==
  dependencies:
    "@aws-crypto/sha256-browser" "3.0.0"
    "@aws-crypto/sha256-js" "3.0.0"
    "@aws-sdk/config-resolver" "3.310.0"
    "@aws-sdk/fetch-http-handler" "3.310.0"
    "@aws-sdk/hash-node" "3.310.0"
    "@aws-sdk/invalid-dependency" "3.310.0"
    "@aws-sdk/middleware-content-length" "3.310.0"
    "@aws-sdk/middleware-endpoint" "3.310.0"
    "@aws-sdk/middleware-host-header" "3.310.0"
    "@aws-sdk/middleware-logger" "3.310.0"
    "@aws-sdk/middleware-recursion-detection" "3.310.0"
    "@aws-sdk/middleware-retry" "3.310.0"
    "@aws-sdk/middleware-serde" "3.310.0"
    "@aws-sdk/middleware-stack" "3.310.0"
    "@aws-sdk/middleware-user-agent" "3.310.0"
    "@aws-sdk/node-config-provider" "3.310.0"
    "@aws-sdk/node-http-handler" "3.310.0"
    "@aws-sdk/protocol-http" "3.310.0"
    "@aws-sdk/smithy-client" "3.315.0"
    "@aws-sdk/types" "3.310.0"
    "@aws-sdk/url-parser" "3.310.0"
    "@aws-sdk/util-base64" "3.310.0"
    "@aws-sdk/util-body-length-browser" "3.310.0"
    "@aws-sdk/util-body-length-node" "3.310.0"
    "@aws-sdk/util-defaults-mode-browser" "3.315.0"
    "@aws-sdk/util-defaults-mode-node" "3.315.0"
    "@aws-sdk/util-endpoints" "3.310.0"
    "@aws-sdk/util-retry" "3.310.0"
    "@aws-sdk/util-user-agent-browser" "3.310.0"
    "@aws-sdk/util-user-agent-node" "3.310.0"
    "@aws-sdk/util-utf8" "3.310.0"
    tslib "^2.5.0"

"@aws-sdk/client-sts@3.315.0":
  version "3.315.0"
  resolved "https://registry.yarnpkg.com/@aws-sdk/client-sts/-/client-sts-3.315.0.tgz#1a8ae885f0a41d897368525f9672b475fb113612"
  integrity sha512-e34plg6m0hScADIPiu5kCKoiJVXRLRiAuens+iwMse0oPUmrv41hdjgufwWGA/pcNkEGzMdVS88Z4khxB3LHBw==
  dependencies:
    "@aws-crypto/sha256-browser" "3.0.0"
    "@aws-crypto/sha256-js" "3.0.0"
    "@aws-sdk/config-resolver" "3.310.0"
    "@aws-sdk/credential-provider-node" "3.315.0"
    "@aws-sdk/fetch-http-handler" "3.310.0"
    "@aws-sdk/hash-node" "3.310.0"
    "@aws-sdk/invalid-dependency" "3.310.0"
    "@aws-sdk/middleware-content-length" "3.310.0"
    "@aws-sdk/middleware-endpoint" "3.310.0"
    "@aws-sdk/middleware-host-header" "3.310.0"
    "@aws-sdk/middleware-logger" "3.310.0"
    "@aws-sdk/middleware-recursion-detection" "3.310.0"
    "@aws-sdk/middleware-retry" "3.310.0"
    "@aws-sdk/middleware-sdk-sts" "3.310.0"
    "@aws-sdk/middleware-serde" "3.310.0"
    "@aws-sdk/middleware-signing" "3.310.0"
    "@aws-sdk/middleware-stack" "3.310.0"
    "@aws-sdk/middleware-user-agent" "3.310.0"
    "@aws-sdk/node-config-provider" "3.310.0"
    "@aws-sdk/node-http-handler" "3.310.0"
    "@aws-sdk/protocol-http" "3.310.0"
    "@aws-sdk/smithy-client" "3.315.0"
    "@aws-sdk/types" "3.310.0"
    "@aws-sdk/url-parser" "3.310.0"
    "@aws-sdk/util-base64" "3.310.0"
    "@aws-sdk/util-body-length-browser" "3.310.0"
    "@aws-sdk/util-body-length-node" "3.310.0"
    "@aws-sdk/util-defaults-mode-browser" "3.315.0"
    "@aws-sdk/util-defaults-mode-node" "3.315.0"
    "@aws-sdk/util-endpoints" "3.310.0"
    "@aws-sdk/util-retry" "3.310.0"
    "@aws-sdk/util-user-agent-browser" "3.310.0"
    "@aws-sdk/util-user-agent-node" "3.310.0"
    "@aws-sdk/util-utf8" "3.310.0"
    fast-xml-parser "4.1.2"
    tslib "^2.5.0"

"@aws-sdk/config-resolver@3.310.0":
  version "3.310.0"
  resolved "https://registry.yarnpkg.com/@aws-sdk/config-resolver/-/config-resolver-3.310.0.tgz#c02dce96546d5cd25551bc89907b27224e16ca7f"
  integrity sha512-8vsT+/50lOqfDxka9m/rRt6oxv1WuGZoP8oPMk0Dt+TxXMbAzf4+rejBgiB96wshI1k3gLokYRjSQZn+dDtT8g==
  dependencies:
    "@aws-sdk/types" "3.310.0"
    "@aws-sdk/util-config-provider" "3.310.0"
    "@aws-sdk/util-middleware" "3.310.0"
    tslib "^2.5.0"

"@aws-sdk/credential-provider-env@3.310.0":
  version "3.310.0"
  resolved "https://registry.yarnpkg.com/@aws-sdk/credential-provider-env/-/credential-provider-env-3.310.0.tgz#c52694fb276341db6ce4e816cf9ca90fa5830dad"
  integrity sha512-vvIPQpI16fj95xwS7M3D48F7QhZJBnnCgB5lR+b7So+vsG9ibm1mZRVGzVpdxCvgyOhHFbvrby9aalNJmmIP1A==
  dependencies:
    "@aws-sdk/property-provider" "3.310.0"
    "@aws-sdk/types" "3.310.0"
    tslib "^2.5.0"

"@aws-sdk/credential-provider-imds@3.310.0":
  version "3.310.0"
  resolved "https://registry.yarnpkg.com/@aws-sdk/credential-provider-imds/-/credential-provider-imds-3.310.0.tgz#d8fb1223fee7e289a81e28177fe55dedf4d2745e"
  integrity sha512-baxK7Zp6dai5AGW01FIW27xS2KAaPUmKLIXv5SvFYsUgXXvNW55im4uG3b+2gA0F7V+hXvVBH08OEqmwW6we5w==
  dependencies:
    "@aws-sdk/node-config-provider" "3.310.0"
    "@aws-sdk/property-provider" "3.310.0"
    "@aws-sdk/types" "3.310.0"
    "@aws-sdk/url-parser" "3.310.0"
    tslib "^2.5.0"

"@aws-sdk/credential-provider-ini@3.315.0":
  version "3.315.0"
  resolved "https://registry.yarnpkg.com/@aws-sdk/credential-provider-ini/-/credential-provider-ini-3.315.0.tgz#0104a5067111dcd9ffd47f045f518871ed1d7665"
  integrity sha512-TZbYNbQkNgANx3KsWmJEyBsnfUBq/XKqYYc/VQf1L4eI+GMUw2eKpNV0MTsyviViy2st7W4SiSgtsvXyeVp9xg==
  dependencies:
    "@aws-sdk/credential-provider-env" "3.310.0"
    "@aws-sdk/credential-provider-imds" "3.310.0"
    "@aws-sdk/credential-provider-process" "3.310.0"
    "@aws-sdk/credential-provider-sso" "3.315.0"
    "@aws-sdk/credential-provider-web-identity" "3.310.0"
    "@aws-sdk/property-provider" "3.310.0"
    "@aws-sdk/shared-ini-file-loader" "3.310.0"
    "@aws-sdk/types" "3.310.0"
    tslib "^2.5.0"

"@aws-sdk/credential-provider-node@3.315.0":
  version "3.315.0"
  resolved "https://registry.yarnpkg.com/@aws-sdk/credential-provider-node/-/credential-provider-node-3.315.0.tgz#13a85fd99377763b077a1bbbb82ec3e950fd50d2"
  integrity sha512-OuzKAIg+xPAzBrb/Big5VKDpJmBhVR+N0Hfflrjj2BunQGWO7zxtkKFCz921MtP9ZunDV+UxzTpar8U5TAPtzA==
  dependencies:
    "@aws-sdk/credential-provider-env" "3.310.0"
    "@aws-sdk/credential-provider-imds" "3.310.0"
    "@aws-sdk/credential-provider-ini" "3.315.0"
    "@aws-sdk/credential-provider-process" "3.310.0"
    "@aws-sdk/credential-provider-sso" "3.315.0"
    "@aws-sdk/credential-provider-web-identity" "3.310.0"
    "@aws-sdk/property-provider" "3.310.0"
    "@aws-sdk/shared-ini-file-loader" "3.310.0"
    "@aws-sdk/types" "3.310.0"
    tslib "^2.5.0"

"@aws-sdk/credential-provider-process@3.310.0":
  version "3.310.0"
  resolved "https://registry.yarnpkg.com/@aws-sdk/credential-provider-process/-/credential-provider-process-3.310.0.tgz#0b2ee77f0c48262442d2768044d72332a4ad8884"
  integrity sha512-h73sg6GPMUWC+3zMCbA1nZ2O03nNJt7G96JdmnantiXBwHpRKWW8nBTLzx5uhXn6hTuTaoQRP/P+oxQJKYdMmA==
  dependencies:
    "@aws-sdk/property-provider" "3.310.0"
    "@aws-sdk/shared-ini-file-loader" "3.310.0"
    "@aws-sdk/types" "3.310.0"
    tslib "^2.5.0"

"@aws-sdk/credential-provider-sso@3.315.0":
  version "3.315.0"
  resolved "https://registry.yarnpkg.com/@aws-sdk/credential-provider-sso/-/credential-provider-sso-3.315.0.tgz#d31002cbc27a80df2f5c2ae9ea5160690636e67a"
  integrity sha512-oMDGwT67cLgLiLEj5UwAiOVo7mb0l4vi2nk+5pgPMpC3cBlAfA0y1IJe4FHp+Vz52F0nvURZZbdWhX6RgMMaqQ==
  dependencies:
    "@aws-sdk/client-sso" "3.315.0"
    "@aws-sdk/property-provider" "3.310.0"
    "@aws-sdk/shared-ini-file-loader" "3.310.0"
    "@aws-sdk/token-providers" "3.315.0"
    "@aws-sdk/types" "3.310.0"
    tslib "^2.5.0"

"@aws-sdk/credential-provider-web-identity@3.310.0":
  version "3.310.0"
  resolved "https://registry.yarnpkg.com/@aws-sdk/credential-provider-web-identity/-/credential-provider-web-identity-3.310.0.tgz#c9fa09b0068027e58d31178e3fa06bf4e9ae9d36"
  integrity sha512-H4SzuZXILNhK6/IR1uVvsUDZvzc051hem7GLyYghBCu8mU+tq28YhKE8MfSroi6eL2e5Vujloij1OM2EQQkPkw==
  dependencies:
    "@aws-sdk/property-provider" "3.310.0"
    "@aws-sdk/types" "3.310.0"
    tslib "^2.5.0"

"@aws-sdk/endpoint-cache@3.310.0":
  version "3.310.0"
  resolved "https://registry.yarnpkg.com/@aws-sdk/endpoint-cache/-/endpoint-cache-3.310.0.tgz#e6f84bfcd55462966811390ef797145559bab15a"
  integrity sha512-y3wipforet41EDTI0vnzxILqwAGll1KfI5qcdX9pXF/WF1f+3frcOtPiWtQEZQpy4czRogKm3BHo70QBYAZxlQ==
  dependencies:
    mnemonist "0.38.3"
    tslib "^2.5.0"

"@aws-sdk/fetch-http-handler@3.310.0":
  version "3.310.0"
  resolved "https://registry.yarnpkg.com/@aws-sdk/fetch-http-handler/-/fetch-http-handler-3.310.0.tgz#f31006b7b3103683d72e177cd27d80354f7a37c4"
  integrity sha512-Bi9vIwzdkw1zMcvi/zGzlWS9KfIEnAq4NNhsnCxbQ4OoIRU9wvU+WGZdBBhxg0ZxZmpp1j1aZhU53lLjA07MHw==
  dependencies:
    "@aws-sdk/protocol-http" "3.310.0"
    "@aws-sdk/querystring-builder" "3.310.0"
    "@aws-sdk/types" "3.310.0"
    "@aws-sdk/util-base64" "3.310.0"
    tslib "^2.5.0"

"@aws-sdk/hash-node@3.310.0":
  version "3.310.0"
  resolved "https://registry.yarnpkg.com/@aws-sdk/hash-node/-/hash-node-3.310.0.tgz#4c1c89b9a2da3bb9783de84f0b762cc055b90d67"
  integrity sha512-NvE2fhRc8GRwCXBfDehxVAWCmVwVMILliAKVPAEr4yz2CkYs0tqU51S48x23dtna07H4qHtgpeNqVTthcIQOEQ==
  dependencies:
    "@aws-sdk/types" "3.310.0"
    "@aws-sdk/util-buffer-from" "3.310.0"
    "@aws-sdk/util-utf8" "3.310.0"
    tslib "^2.5.0"

"@aws-sdk/invalid-dependency@3.310.0":
  version "3.310.0"
  resolved "https://registry.yarnpkg.com/@aws-sdk/invalid-dependency/-/invalid-dependency-3.310.0.tgz#b96da9b9f63b12d1c390f9a06eeb28840fcb5b3c"
  integrity sha512-1s5RG5rSPXoa/aZ/Kqr5U/7lqpx+Ry81GprQ2bxWqJvWQIJ0IRUwo5pk8XFxbKVr/2a+4lZT/c3OGoBOM1yRRA==
  dependencies:
    "@aws-sdk/types" "3.310.0"
    tslib "^2.5.0"

"@aws-sdk/is-array-buffer@3.310.0":
  version "3.310.0"
  resolved "https://registry.yarnpkg.com/@aws-sdk/is-array-buffer/-/is-array-buffer-3.310.0.tgz#f87a79f1b858c88744f07e8d8d0a791df204017e"
  integrity sha512-urnbcCR+h9NWUnmOtet/s4ghvzsidFmspfhYaHAmSRdy9yDjdjBJMFjjsn85A1ODUktztm+cVncXjQ38WCMjMQ==
  dependencies:
    tslib "^2.5.0"

"@aws-sdk/middleware-content-length@3.310.0":
  version "3.310.0"
  resolved "https://registry.yarnpkg.com/@aws-sdk/middleware-content-length/-/middleware-content-length-3.310.0.tgz#cc9b6c25c10736cec41d0219c94b57cfdb4582a3"
  integrity sha512-P8tQZxgDt6CAh1wd/W6WPzjc+uWPJwQkm+F7rAwRlM+k9q17HrhnksGDKcpuuLyIhPQYdmOMIkpKVgXGa4avhQ==
  dependencies:
    "@aws-sdk/protocol-http" "3.310.0"
    "@aws-sdk/types" "3.310.0"
    tslib "^2.5.0"

"@aws-sdk/middleware-endpoint-discovery@3.310.0":
  version "3.310.0"
  resolved "https://registry.yarnpkg.com/@aws-sdk/middleware-endpoint-discovery/-/middleware-endpoint-discovery-3.310.0.tgz#08860030f42cef48cb2bd7eea8c27bd1296728ec"
  integrity sha512-+zZlFQ6rpvzBJrj/48iV+4tDOjnOB0syVT7Q0y+ekXzbGcNuIlLUustnLuPK1cIlMKWdmwfRzfGgGQAwyZ0l2A==
  dependencies:
    "@aws-sdk/endpoint-cache" "3.310.0"
    "@aws-sdk/protocol-http" "3.310.0"
    "@aws-sdk/types" "3.310.0"
    tslib "^2.5.0"

"@aws-sdk/middleware-endpoint@3.310.0":
  version "3.310.0"
  resolved "https://registry.yarnpkg.com/@aws-sdk/middleware-endpoint/-/middleware-endpoint-3.310.0.tgz#d4bf8ac3cd4800af789d6bcb469b7e8cfa10badb"
  integrity sha512-Z+N2vOL8K354/lstkClxLLsr6hCpVRh+0tCMXrVj66/NtKysCEZ/0b9LmqOwD9pWHNiI2mJqXwY0gxNlKAroUg==
  dependencies:
    "@aws-sdk/middleware-serde" "3.310.0"
    "@aws-sdk/types" "3.310.0"
    "@aws-sdk/url-parser" "3.310.0"
    "@aws-sdk/util-middleware" "3.310.0"
    tslib "^2.5.0"

"@aws-sdk/middleware-host-header@3.310.0":
  version "3.310.0"
  resolved "https://registry.yarnpkg.com/@aws-sdk/middleware-host-header/-/middleware-host-header-3.310.0.tgz#bdd4fbffb58b331bda517df8340aa8b44ce55550"
  integrity sha512-QWSA+46/hXorXyWa61ic2K7qZzwHTiwfk2e9mRRjeIRepUgI3qxFjsYqrWtrOGBjmFmq0pYIY8Bb/DCJuQqcoA==
  dependencies:
    "@aws-sdk/protocol-http" "3.310.0"
    "@aws-sdk/types" "3.310.0"
    tslib "^2.5.0"

"@aws-sdk/middleware-logger@3.310.0":
  version "3.310.0"
  resolved "https://registry.yarnpkg.com/@aws-sdk/middleware-logger/-/middleware-logger-3.310.0.tgz#8cc6381f49ef867cae1364b8517f939629e4dd9d"
  integrity sha512-Lurm8XofrASBRnAVtiSNuDSRsRqPNg27RIFLLsLp/pqog9nFJ0vz0kgdb9S5Z+zw83Mm+UlqOe6D8NTUNp4fVg==
  dependencies:
    "@aws-sdk/types" "3.310.0"
    tslib "^2.5.0"

"@aws-sdk/middleware-recursion-detection@3.310.0":
  version "3.310.0"
  resolved "https://registry.yarnpkg.com/@aws-sdk/middleware-recursion-detection/-/middleware-recursion-detection-3.310.0.tgz#020c986ed8da751bd613fd84c8c8a805c89e0952"
  integrity sha512-SuB75/xk/gyue24gkriTwO2jFd7YcUGZDClQYuRejgbXSa3CO0lWyawQtfLcSSEBp9izrEVXuFH24K1eAft5nQ==
  dependencies:
    "@aws-sdk/protocol-http" "3.310.0"
    "@aws-sdk/types" "3.310.0"
    tslib "^2.5.0"

"@aws-sdk/middleware-retry@3.310.0":
  version "3.310.0"
  resolved "https://registry.yarnpkg.com/@aws-sdk/middleware-retry/-/middleware-retry-3.310.0.tgz#12e95e962875d44af4acbdebe02db337a1ad5c35"
  integrity sha512-oTPsRy2W4s+dfxbJPW7Km+hHtv/OMsNsVfThAq8DDYKC13qlr1aAyOqGLD+dpBy2aKe7ss517Sy2HcHtHqm7/g==
  dependencies:
    "@aws-sdk/protocol-http" "3.310.0"
    "@aws-sdk/service-error-classification" "3.310.0"
    "@aws-sdk/types" "3.310.0"
    "@aws-sdk/util-middleware" "3.310.0"
    "@aws-sdk/util-retry" "3.310.0"
    tslib "^2.5.0"
    uuid "^8.3.2"

"@aws-sdk/middleware-sdk-sts@3.310.0":
  version "3.310.0"
  resolved "https://registry.yarnpkg.com/@aws-sdk/middleware-sdk-sts/-/middleware-sdk-sts-3.310.0.tgz#2001b421f317404ca98d4a1cfea408b7a64c35f5"
  integrity sha512-+5PFwlYNLvLLIfw0ASAoWV/iIF8Zv6R6QGtyP0CclhRSvNjgbQDVnV0g95MC5qvh+GB/Yjlkt8qAjLSPjHfsrQ==
  dependencies:
    "@aws-sdk/middleware-signing" "3.310.0"
    "@aws-sdk/types" "3.310.0"
    tslib "^2.5.0"

"@aws-sdk/middleware-serde@3.310.0":
  version "3.310.0"
  resolved "https://registry.yarnpkg.com/@aws-sdk/middleware-serde/-/middleware-serde-3.310.0.tgz#e334031b66a1a155375ec901478b26570fbe1783"
  integrity sha512-RNeeTVWSLTaentUeCgQKZhAl+C6hxtwD78cQWS10UymWpQFwbaxztzKUu4UQS5xA2j6PxwPRRUjqa4jcFjfLsg==
  dependencies:
    "@aws-sdk/types" "3.310.0"
    tslib "^2.5.0"

"@aws-sdk/middleware-signing@3.310.0":
  version "3.310.0"
  resolved "https://registry.yarnpkg.com/@aws-sdk/middleware-signing/-/middleware-signing-3.310.0.tgz#bd62d5623c80f6318b0d738c44780875500c911a"
  integrity sha512-f9mKq+XMdW207Af3hKjdTnpNhdtwqWuvFs/ZyXoOkp/g1MY1O6L23Jy6i52m29LxbT4AuNRG1oKODfXM0vYVjQ==
  dependencies:
    "@aws-sdk/property-provider" "3.310.0"
    "@aws-sdk/protocol-http" "3.310.0"
    "@aws-sdk/signature-v4" "3.310.0"
    "@aws-sdk/types" "3.310.0"
    "@aws-sdk/util-middleware" "3.310.0"
    tslib "^2.5.0"

"@aws-sdk/middleware-stack@3.310.0":
  version "3.310.0"
  resolved "https://registry.yarnpkg.com/@aws-sdk/middleware-stack/-/middleware-stack-3.310.0.tgz#06c83963998fbdc83e99b67a7a138529312a6224"
  integrity sha512-010O1PD+UAcZVKRvqEusE1KJqN96wwrf6QsqbRM0ywsKQ21NDweaHvEDlds2VHpgmofxkRLRu/IDrlPkKRQrRg==
  dependencies:
    tslib "^2.5.0"

"@aws-sdk/middleware-user-agent@3.310.0":
  version "3.310.0"
  resolved "https://registry.yarnpkg.com/@aws-sdk/middleware-user-agent/-/middleware-user-agent-3.310.0.tgz#2aa3982cbc5e9c137024cec47914e86610ab0a09"
  integrity sha512-x3IOwSwSbwKidlxRk3CNVHVUb06SRuaELxggCaR++QVI8NU6qD/l4VHXKVRvbTHiC/cYxXE/GaBDgQVpDR7V/g==
  dependencies:
    "@aws-sdk/protocol-http" "3.310.0"
    "@aws-sdk/types" "3.310.0"
    "@aws-sdk/util-endpoints" "3.310.0"
    tslib "^2.5.0"

"@aws-sdk/node-config-provider@3.310.0":
  version "3.310.0"
  resolved "https://registry.yarnpkg.com/@aws-sdk/node-config-provider/-/node-config-provider-3.310.0.tgz#ba8fb41af2db0316291ba9002267627553ec65ac"
  integrity sha512-T/Pp6htc6hq/Cq+MLNDSyiwWCMVF6GqbBbXKVlO5L8rdHx4sq9xPdoPveZhGWrxvkanjA6eCwUp6E0riBOSVng==
  dependencies:
    "@aws-sdk/property-provider" "3.310.0"
    "@aws-sdk/shared-ini-file-loader" "3.310.0"
    "@aws-sdk/types" "3.310.0"
    tslib "^2.5.0"

"@aws-sdk/node-http-handler@3.310.0":
  version "3.310.0"
  resolved "https://registry.yarnpkg.com/@aws-sdk/node-http-handler/-/node-http-handler-3.310.0.tgz#bd8e72c1c7cf4b48c2a21851f638ad5e63001787"
  integrity sha512-irv9mbcM9xC2xYjArQF5SYmHBMu4ciMWtGsoHII1nRuFOl9FoT4ffTvEPuLlfC6pznzvKt9zvnm6xXj7gDChKg==
  dependencies:
    "@aws-sdk/abort-controller" "3.310.0"
    "@aws-sdk/protocol-http" "3.310.0"
    "@aws-sdk/querystring-builder" "3.310.0"
    "@aws-sdk/types" "3.310.0"
    tslib "^2.5.0"

"@aws-sdk/property-provider@3.310.0":
  version "3.310.0"
  resolved "https://registry.yarnpkg.com/@aws-sdk/property-provider/-/property-provider-3.310.0.tgz#5fae8a4c11bda052afa9747d47b031f1c4f0f246"
  integrity sha512-3lxDb0akV6BBzmFe4nLPaoliQbAifyWJhuvuDOu7e8NzouvpQXs0275w9LePhhcgjKAEVXUIse05ZW2DLbxo/g==
  dependencies:
    "@aws-sdk/types" "3.310.0"
    tslib "^2.5.0"

"@aws-sdk/protocol-http@3.310.0":
  version "3.310.0"
  resolved "https://registry.yarnpkg.com/@aws-sdk/protocol-http/-/protocol-http-3.310.0.tgz#855c3314cba7ff3024a9a9701ca3c641691d997e"
  integrity sha512-fgZ1aw/irQtnrsR58pS8ThKOWo57Py3xX6giRvwSgZDEcxHfVzuQjy9yPuV++v04fdmdtgpbGf8WfvAAJ11yXQ==
  dependencies:
    "@aws-sdk/types" "3.310.0"
    tslib "^2.5.0"

"@aws-sdk/querystring-builder@3.310.0":
  version "3.310.0"
  resolved "https://registry.yarnpkg.com/@aws-sdk/querystring-builder/-/querystring-builder-3.310.0.tgz#5307ea52c3a4a1ae6818bbb6987cc6fce68b043f"
  integrity sha512-ZHH8GV/80+pWGo7DzsvwvXR5xVxUHXUvPJPFAkhr6nCf78igdoF8gR10ScFoEKbtEapoNTaZlKHPXxpD8aPG7A==
  dependencies:
    "@aws-sdk/types" "3.310.0"
    "@aws-sdk/util-uri-escape" "3.310.0"
    tslib "^2.5.0"

"@aws-sdk/querystring-parser@3.310.0":
  version "3.310.0"
  resolved "https://registry.yarnpkg.com/@aws-sdk/querystring-parser/-/querystring-parser-3.310.0.tgz#438183927e0b06e7c2ee004a1681b8d37c22e104"
  integrity sha512-YkIznoP6lsiIUHinx++/lbb3tlMURGGqMpo0Pnn32zYzGrJXA6eC3D0as2EcMjo55onTfuLcIiX4qzXes2MYOA==
  dependencies:
    "@aws-sdk/types" "3.310.0"
    tslib "^2.5.0"

"@aws-sdk/service-error-classification@3.310.0":
  version "3.310.0"
  resolved "https://registry.yarnpkg.com/@aws-sdk/service-error-classification/-/service-error-classification-3.310.0.tgz#352c1db426dcf54a44393bc9a0607dde796b2abb"
  integrity sha512-PuyC7k3qfIKeH2LCnDwbttMOKq3qAx4buvg0yfnJtQOz6t1AR8gsnAq0CjKXXyfkXwNKWTqCpE6lVNUIkXgsMw==

"@aws-sdk/shared-ini-file-loader@3.310.0":
  version "3.310.0"
  resolved "https://registry.yarnpkg.com/@aws-sdk/shared-ini-file-loader/-/shared-ini-file-loader-3.310.0.tgz#07e9c8e8e8bb0de7ed19b8cea908c920a493c9c9"
  integrity sha512-N0q9pG0xSjQwc690YQND5bofm+4nfUviQ/Ppgan2kU6aU0WUq8KwgHJBto/YEEI+VlrME30jZJnxtOvcZJc2XA==
  dependencies:
    "@aws-sdk/types" "3.310.0"
    tslib "^2.5.0"

"@aws-sdk/signature-v4@3.310.0":
  version "3.310.0"
  resolved "https://registry.yarnpkg.com/@aws-sdk/signature-v4/-/signature-v4-3.310.0.tgz#ad26426d3f72fa18e6808a36f827beb72d12bf2d"
  integrity sha512-1M60P1ZBNAjCFv9sYW29OF6okktaeibWyW3lMXqzoHF70lHBZh+838iUchznXUA5FLabfn4jBFWMRxlAXJUY2Q==
  dependencies:
    "@aws-sdk/is-array-buffer" "3.310.0"
    "@aws-sdk/types" "3.310.0"
    "@aws-sdk/util-hex-encoding" "3.310.0"
    "@aws-sdk/util-middleware" "3.310.0"
    "@aws-sdk/util-uri-escape" "3.310.0"
    "@aws-sdk/util-utf8" "3.310.0"
    tslib "^2.5.0"

"@aws-sdk/smithy-client@3.315.0":
  version "3.315.0"
  resolved "https://registry.yarnpkg.com/@aws-sdk/smithy-client/-/smithy-client-3.315.0.tgz#1233316125c939690d9dc93f4f87f624abd74d24"
  integrity sha512-qTm0lwTh6IZMiWs3U9k2veoF6gV9yE0B9Z34yMxagOfQFQgxMih0aiH25MD25eRigjJ3sfUeZ+B0mRycmJZdkQ==
  dependencies:
    "@aws-sdk/middleware-stack" "3.310.0"
    "@aws-sdk/types" "3.310.0"
    tslib "^2.5.0"

"@aws-sdk/token-providers@3.315.0":
  version "3.315.0"
  resolved "https://registry.yarnpkg.com/@aws-sdk/token-providers/-/token-providers-3.315.0.tgz#fc31aefed8f5ec4108189bccf9627be9c425f757"
  integrity sha512-EjLUQ9JLqU3eJfJyzpcVjFnuJ1MCCodZaVJmuX/a/as4TK41bKMvkVojjsU7pDSYzl+tuXE+ceivcWK4H0HQdQ==
  dependencies:
    "@aws-sdk/client-sso-oidc" "3.315.0"
    "@aws-sdk/property-provider" "3.310.0"
    "@aws-sdk/shared-ini-file-loader" "3.310.0"
    "@aws-sdk/types" "3.310.0"
    tslib "^2.5.0"

"@aws-sdk/types@3.310.0", "@aws-sdk/types@^3.222.0":
  version "3.310.0"
  resolved "https://registry.yarnpkg.com/@aws-sdk/types/-/types-3.310.0.tgz#b83a0580feb38b58417abb8b4ed3eae1a0cb7bc1"
  integrity sha512-j8eamQJ7YcIhw7fneUfs8LYl3t01k4uHi4ZDmNRgtbmbmTTG3FZc2MotStZnp3nZB6vLiPF1o5aoJxWVvkzS6A==
  dependencies:
    tslib "^2.5.0"

"@aws-sdk/url-parser@3.310.0":
  version "3.310.0"
  resolved "https://registry.yarnpkg.com/@aws-sdk/url-parser/-/url-parser-3.310.0.tgz#928c9eac2e3d74c3c5db4c6e364a1de00185dcaa"
  integrity sha512-mCLnCaSB9rQvAgx33u0DujLvr4d5yEm/W5r789GblwwQnlNXedVu50QRizMLTpltYWyAUoXjJgQnJHmJMaKXhw==
  dependencies:
    "@aws-sdk/querystring-parser" "3.310.0"
    "@aws-sdk/types" "3.310.0"
    tslib "^2.5.0"

"@aws-sdk/util-base64@3.310.0":
  version "3.310.0"
  resolved "https://registry.yarnpkg.com/@aws-sdk/util-base64/-/util-base64-3.310.0.tgz#d0fd49aff358c5a6e771d0001c63b1f97acbe34c"
  integrity sha512-v3+HBKQvqgdzcbL+pFswlx5HQsd9L6ZTlyPVL2LS9nNXnCcR3XgGz9jRskikRUuUvUXtkSG1J88GAOnJ/apTPg==
  dependencies:
    "@aws-sdk/util-buffer-from" "3.310.0"
    tslib "^2.5.0"

"@aws-sdk/util-body-length-browser@3.310.0":
  version "3.310.0"
  resolved "https://registry.yarnpkg.com/@aws-sdk/util-body-length-browser/-/util-body-length-browser-3.310.0.tgz#3fca9d2f73c058edf1907e4a1d99a392fdd23eca"
  integrity sha512-sxsC3lPBGfpHtNTUoGXMQXLwjmR0zVpx0rSvzTPAuoVILVsp5AU/w5FphNPxD5OVIjNbZv9KsKTuvNTiZjDp9g==
  dependencies:
    tslib "^2.5.0"

"@aws-sdk/util-body-length-node@3.310.0":
  version "3.310.0"
  resolved "https://registry.yarnpkg.com/@aws-sdk/util-body-length-node/-/util-body-length-node-3.310.0.tgz#4846ae72834ab0636f29f89fc1878520f6543fed"
  integrity sha512-2tqGXdyKhyA6w4zz7UPoS8Ip+7sayOg9BwHNidiGm2ikbDxm1YrCfYXvCBdwaJxa4hJfRVz+aL9e+d3GqPI9pQ==
  dependencies:
    tslib "^2.5.0"

"@aws-sdk/util-buffer-from@3.310.0":
  version "3.310.0"
  resolved "https://registry.yarnpkg.com/@aws-sdk/util-buffer-from/-/util-buffer-from-3.310.0.tgz#7a72cb965984d3c6a7e256ae6cf1621f52e54a57"
  integrity sha512-i6LVeXFtGih5Zs8enLrt+ExXY92QV25jtEnTKHsmlFqFAuL3VBeod6boeMXkN2p9lbSVVQ1sAOOYZOHYbYkntw==
  dependencies:
    "@aws-sdk/is-array-buffer" "3.310.0"
    tslib "^2.5.0"

"@aws-sdk/util-config-provider@3.310.0":
  version "3.310.0"
  resolved "https://registry.yarnpkg.com/@aws-sdk/util-config-provider/-/util-config-provider-3.310.0.tgz#ff21f73d4774cfd7bd16ae56f905828600dda95f"
  integrity sha512-xIBaYo8dwiojCw8vnUcIL4Z5tyfb1v3yjqyJKJWV/dqKUFOOS0U591plmXbM+M/QkXyML3ypon1f8+BoaDExrg==
  dependencies:
    tslib "^2.5.0"

"@aws-sdk/util-defaults-mode-browser@3.315.0":
  version "3.315.0"
  resolved "https://registry.yarnpkg.com/@aws-sdk/util-defaults-mode-browser/-/util-defaults-mode-browser-3.315.0.tgz#c91e489d474219da9028b13dd7d1627bb3a3a831"
  integrity sha512-5cqNvfGos3FB/MHNl+g2fr+tPY7s3k3+96V3wOPWLOksdACth10OxPpHfboXXZDHHkR0hmyJwJcfgA4uQrUcGg==
  dependencies:
    "@aws-sdk/property-provider" "3.310.0"
    "@aws-sdk/types" "3.310.0"
    bowser "^2.11.0"
    tslib "^2.5.0"

"@aws-sdk/util-defaults-mode-node@3.315.0":
  version "3.315.0"
  resolved "https://registry.yarnpkg.com/@aws-sdk/util-defaults-mode-node/-/util-defaults-mode-node-3.315.0.tgz#1c9c6421ff701406818a30ee376d01a5098d2621"
  integrity sha512-vSPIGpzh6NJIMLoh31p7CczSatN46kJdJBrHfODHaIGe4t156x+LfkkcxGQhtifqxglhL7l+fmn5D1fM5exHuA==
  dependencies:
    "@aws-sdk/config-resolver" "3.310.0"
    "@aws-sdk/credential-provider-imds" "3.310.0"
    "@aws-sdk/node-config-provider" "3.310.0"
    "@aws-sdk/property-provider" "3.310.0"
    "@aws-sdk/types" "3.310.0"
    tslib "^2.5.0"

"@aws-sdk/util-endpoints@3.310.0":
  version "3.310.0"
  resolved "https://registry.yarnpkg.com/@aws-sdk/util-endpoints/-/util-endpoints-3.310.0.tgz#fea8757038b62d49dacd653061ba04a2ea102a36"
  integrity sha512-zG+/d/O5KPmAaeOMPd6bW1abifdT0H03f42keLjYEoRZzYtHPC5DuPE0UayiWGckI6BCDgy0sRKXCYS49UNFaQ==
  dependencies:
    "@aws-sdk/types" "3.310.0"
    tslib "^2.5.0"

"@aws-sdk/util-hex-encoding@3.310.0":
  version "3.310.0"
  resolved "https://registry.yarnpkg.com/@aws-sdk/util-hex-encoding/-/util-hex-encoding-3.310.0.tgz#19294c78986c90ae33f04491487863dc1d33bd87"
  integrity sha512-sVN7mcCCDSJ67pI1ZMtk84SKGqyix6/0A1Ab163YKn+lFBQRMKexleZzpYzNGxYzmQS6VanP/cfU7NiLQOaSfA==
  dependencies:
    tslib "^2.5.0"

"@aws-sdk/util-locate-window@^3.0.0":
  version "3.310.0"
  resolved "https://registry.yarnpkg.com/@aws-sdk/util-locate-window/-/util-locate-window-3.310.0.tgz#b071baf050301adee89051032bd4139bba32cc40"
  integrity sha512-qo2t/vBTnoXpjKxlsC2e1gBrRm80M3bId27r0BRB2VniSSe7bL1mmzM+/HFtujm0iAxtPM+aLEflLJlJeDPg0w==
  dependencies:
    tslib "^2.5.0"

"@aws-sdk/util-middleware@3.310.0":
  version "3.310.0"
  resolved "https://registry.yarnpkg.com/@aws-sdk/util-middleware/-/util-middleware-3.310.0.tgz#713c5bfa296f4cf707150a0a1e911afd50dcf939"
  integrity sha512-FTSUKL/eRb9X6uEZClrTe27QFXUNNp7fxYrPndZwk1hlaOP5ix+MIHBcI7pIiiY/JPfOUmPyZOu+HetlFXjWog==
  dependencies:
    tslib "^2.5.0"

"@aws-sdk/util-retry@3.310.0":
  version "3.310.0"
  resolved "https://registry.yarnpkg.com/@aws-sdk/util-retry/-/util-retry-3.310.0.tgz#4cdc35e2dfdacf2d928ab474ba8b67bbadd6be3c"
  integrity sha512-FwWGhCBLfoivTMUHu1LIn4NjrN9JLJ/aX5aZmbcPIOhZVFJj638j0qDgZXyfvVqBuBZh7M8kGq0Oahy3dp69OA==
  dependencies:
    "@aws-sdk/service-error-classification" "3.310.0"
    tslib "^2.5.0"

"@aws-sdk/util-uri-escape@3.310.0":
  version "3.310.0"
  resolved "https://registry.yarnpkg.com/@aws-sdk/util-uri-escape/-/util-uri-escape-3.310.0.tgz#9f942f09a715d8278875013a416295746b6085ba"
  integrity sha512-drzt+aB2qo2LgtDoiy/3sVG8w63cgLkqFIa2NFlGpUgHFWTXkqtbgf4L5QdjRGKWhmZsnqkbtL7vkSWEcYDJ4Q==
  dependencies:
    tslib "^2.5.0"

"@aws-sdk/util-user-agent-browser@3.310.0":
  version "3.310.0"
  resolved "https://registry.yarnpkg.com/@aws-sdk/util-user-agent-browser/-/util-user-agent-browser-3.310.0.tgz#48d463a93351b78b678df324f3518a9798029c44"
  integrity sha512-yU/4QnHHuQ5z3vsUqMQVfYLbZGYwpYblPiuZx4Zo9+x0PBkNjYMqctdDcrpoH9Z2xZiDN16AmQGK1tix117ZKw==
  dependencies:
    "@aws-sdk/types" "3.310.0"
    bowser "^2.11.0"
    tslib "^2.5.0"

"@aws-sdk/util-user-agent-node@3.310.0":
  version "3.310.0"
  resolved "https://registry.yarnpkg.com/@aws-sdk/util-user-agent-node/-/util-user-agent-node-3.310.0.tgz#ebefbedc5a4759adc958885741628ec0de1ab197"
  integrity sha512-Ra3pEl+Gn2BpeE7KiDGpi4zj7WJXZA5GXnGo3mjbi9+Y3zrbuhJAbdZO3mO/o7xDgMC6ph4xCTbaSGzU6b6EDg==
  dependencies:
    "@aws-sdk/node-config-provider" "3.310.0"
    "@aws-sdk/types" "3.310.0"
    tslib "^2.5.0"

"@aws-sdk/util-utf8-browser@^3.0.0":
  version "3.259.0"
  resolved "https://registry.yarnpkg.com/@aws-sdk/util-utf8-browser/-/util-utf8-browser-3.259.0.tgz#3275a6f5eb334f96ca76635b961d3c50259fd9ff"
  integrity sha512-UvFa/vR+e19XookZF8RzFZBrw2EUkQWxiBW0yYQAhvk3C+QVGl0H3ouca8LDBlBfQKXwmW3huo/59H8rwb1wJw==
  dependencies:
    tslib "^2.3.1"

"@aws-sdk/util-utf8@3.310.0":
  version "3.310.0"
  resolved "https://registry.yarnpkg.com/@aws-sdk/util-utf8/-/util-utf8-3.310.0.tgz#4a7b9dcebb88e830d3811aeb21e9a6df4273afb4"
  integrity sha512-DnLfFT8uCO22uOJc0pt0DsSNau1GTisngBCDw8jQuWT5CqogMJu4b/uXmwEqfj8B3GX6Xsz8zOd6JpRlPftQoA==
  dependencies:
    "@aws-sdk/util-buffer-from" "3.310.0"
    tslib "^2.5.0"

"@aws-sdk/util-waiter@3.310.0":
  version "3.310.0"
  resolved "https://registry.yarnpkg.com/@aws-sdk/util-waiter/-/util-waiter-3.310.0.tgz#a410739cfc637af9ccea21de079d00652e9b8363"
  integrity sha512-AV5j3guH/Y4REu+Qh3eXQU9igljHuU4XjX2sADAgf54C0kkhcCCkkiuzk3IsX089nyJCqIcj5idbjdvpnH88Vw==
  dependencies:
    "@aws-sdk/abort-controller" "3.310.0"
    "@aws-sdk/types" "3.310.0"
    tslib "^2.5.0"

"@babel/code-frame@^7.10.4":
  version "7.21.4"
  resolved "https://registry.yarnpkg.com/@babel/code-frame/-/code-frame-7.21.4.tgz#d0fa9e4413aca81f2b23b9442797bda1826edb39"
  integrity sha512-LYvhNKfwWSPpocw8GI7gpK2nq3HSDuEPC/uSYaALSJu9xjsalaaYFOq0Pwt5KmVqwEbZlDu81aLXwBOmD/Fv9g==
  dependencies:
    "@babel/highlight" "^7.18.6"

"@babel/helper-validator-identifier@^7.18.6":
  version "7.19.1"
  resolved "https://registry.yarnpkg.com/@babel/helper-validator-identifier/-/helper-validator-identifier-7.19.1.tgz#7eea834cf32901ffdc1a7ee555e2f9c27e249ca2"
  integrity sha512-awrNfaMtnHUr653GgGEs++LlAvW6w+DcPrOliSMXWCKo597CwL5Acf/wWdNkf/tfEQE3mjkeD1YOVZOUV/od1w==

"@babel/highlight@^7.18.6":
  version "7.18.6"
  resolved "https://registry.yarnpkg.com/@babel/highlight/-/highlight-7.18.6.tgz#81158601e93e2563795adcbfbdf5d64be3f2ecdf"
  integrity sha512-u7stbOuYjaPezCuLj29hNW1v64M2Md2qupEKP1fHc7WdOA3DgLh37suiSrZYY7haUB7iBeQZ9P1uiRF359do3g==
  dependencies:
    "@babel/helper-validator-identifier" "^7.18.6"
    chalk "^2.0.0"
    js-tokens "^4.0.0"

"@jridgewell/gen-mapping@^0.3.0":
  version "0.3.3"
  resolved "https://registry.yarnpkg.com/@jridgewell/gen-mapping/-/gen-mapping-0.3.3.tgz#7e02e6eb5df901aaedb08514203b096614024098"
  integrity sha512-HLhSWOLRi875zjjMG/r+Nv0oCW8umGb0BgEhyX3dDX3egwZtB8PqLnjz3yedt8R5StBrzcg4aBpnh8UA9D1BoQ==
  dependencies:
    "@jridgewell/set-array" "^1.0.1"
    "@jridgewell/sourcemap-codec" "^1.4.10"
    "@jridgewell/trace-mapping" "^0.3.9"

"@jridgewell/resolve-uri@3.1.0":
  version "3.1.0"
  resolved "https://registry.yarnpkg.com/@jridgewell/resolve-uri/-/resolve-uri-3.1.0.tgz#2203b118c157721addfe69d47b70465463066d78"
  integrity sha512-F2msla3tad+Mfht5cJq7LSXcdudKTWCVYUgw6pLFOOHSTtZlj6SWNYAp+AhuqLmWdBO2X5hPrLcu8cVP8fy28w==

"@jridgewell/set-array@^1.0.1":
  version "1.1.2"
  resolved "https://registry.yarnpkg.com/@jridgewell/set-array/-/set-array-1.1.2.tgz#7c6cf998d6d20b914c0a55a91ae928ff25965e72"
  integrity sha512-xnkseuNADM0gt2bs+BvhO0p78Mk762YnZdsuzFV018NoG1Sj1SCQvpSqa7XUaTam5vAGasABV9qXASMKnFMwMw==

"@jridgewell/source-map@^0.3.2":
  version "0.3.3"
  resolved "https://registry.yarnpkg.com/@jridgewell/source-map/-/source-map-0.3.3.tgz#8108265659d4c33e72ffe14e33d6cc5eb59f2fda"
  integrity sha512-b+fsZXeLYi9fEULmfBrhxn4IrPlINf8fiNarzTof004v3lFdntdwa9PF7vFJqm3mg7s+ScJMxXaE3Acp1irZcg==
  dependencies:
    "@jridgewell/gen-mapping" "^0.3.0"
    "@jridgewell/trace-mapping" "^0.3.9"

"@jridgewell/sourcemap-codec@1.4.14":
  version "1.4.14"
  resolved "https://registry.yarnpkg.com/@jridgewell/sourcemap-codec/-/sourcemap-codec-1.4.14.tgz#add4c98d341472a289190b424efbdb096991bb24"
  integrity sha512-XPSJHWmi394fuUuzDnGz1wiKqWfo1yXecHQMRf2l6hztTO+nPru658AyDngaBe7isIxEkRsPR3FZh+s7iVa4Uw==

"@jridgewell/sourcemap-codec@^1.4.10":
  version "1.4.15"
  resolved "https://registry.yarnpkg.com/@jridgewell/sourcemap-codec/-/sourcemap-codec-1.4.15.tgz#d7c6e6755c78567a951e04ab52ef0fd26de59f32"
  integrity sha512-eF2rxCRulEKXHTRiDrDy6erMYWqNw4LPdQ8UQA4huuxaQsVeRPFl2oM8oDGxMFhJUWZf9McpLtJasDDZb/Bpeg==

"@jridgewell/trace-mapping@^0.3.9":
  version "0.3.18"
  resolved "https://registry.yarnpkg.com/@jridgewell/trace-mapping/-/trace-mapping-0.3.18.tgz#25783b2086daf6ff1dcb53c9249ae480e4dd4cd6"
  integrity sha512-w+niJYzMHdd7USdiH2U6869nqhD2nbfZXND5Yp93qIbEmnDNk7PD48o+YchRVpzMU7M6jVCbenTR7PA1FLQ9pA==
  dependencies:
    "@jridgewell/resolve-uri" "3.1.0"
    "@jridgewell/sourcemap-codec" "1.4.14"

"@types/node@*":
  version "18.15.11"
  resolved "https://registry.yarnpkg.com/@types/node/-/node-18.15.11.tgz#b3b790f09cb1696cffcec605de025b088fa4225f"
  integrity sha512-E5Kwq2n4SbMzQOn6wnmBjuK9ouqlURrcZDVfbo9ftDDTFt3nk7ZKK4GMOzoYgnpQJKcxwQw+lGaBvvlMo0qN/Q==

acorn@^8.5.0:
  version "8.8.2"
  resolved "https://registry.yarnpkg.com/acorn/-/acorn-8.8.2.tgz#1b2f25db02af965399b9776b0c2c391276d37c4a"
  integrity sha512-xjIYgE8HBrkpd/sJqOGNspf8uHG+NOHGOw6a/Urj8taM2EXfdNAH2oFcPeIFfsv3+kz/mJrS5VuMqbNLjCa2vw==

ansi-styles@^3.2.1:
  version "3.2.1"
  resolved "https://registry.yarnpkg.com/ansi-styles/-/ansi-styles-3.2.1.tgz#41fbb20243e50b12be0f04b8dedbf07520ce841d"
  integrity sha512-VT0ZI6kZRdTh8YyJw3SMbYm/u+NqfsAxEpWO0Pf9sq8/e94WxxOpPKx9FR1FlyCtOVDNOQ+8ntlqFxiRc+r5qA==
  dependencies:
    color-convert "^1.9.0"

argparse@^1.0.7:
  version "1.0.10"
  resolved "https://registry.yarnpkg.com/argparse/-/argparse-1.0.10.tgz#bcd6791ea5ae09725e17e5ad988134cd40b3d911"
  integrity sha512-o5Roy6tNG4SL/FOkCAN6RzjiakZS25RLYFrcMttJqbdd8BWrnA+fGz57iN5Pb06pvBGvl5gQ0B48dJlslXvoTg==
  dependencies:
    sprintf-js "~1.0.2"

argparse@^2.0.1:
  version "2.0.1"
  resolved "https://registry.yarnpkg.com/argparse/-/argparse-2.0.1.tgz#246f50f3ca78a3240f6c997e8a9bd1eac49e4b38"
  integrity sha512-8+9WqebbFzpX9OR+Wa6O29asIogeRMzcGtAINdpMHHyAg10f05aSFVBbcEqGf/PXw1EjAZ+q2/bEBg3DvurK3Q==

bowser@^2.11.0:
  version "2.11.0"
  resolved "https://registry.yarnpkg.com/bowser/-/bowser-2.11.0.tgz#5ca3c35757a7aa5771500c70a73a9f91ef420a8f"
  integrity sha512-AlcaJBi/pqqJBIQ8U9Mcpc9i8Aqxn88Skv5d+xBX006BY5u8N3mGLHa5Lgppa7L/HfwgwLgZ6NYs+Ag6uUmJRA==

buffer-from@^1.0.0:
  version "1.1.2"
  resolved "https://registry.yarnpkg.com/buffer-from/-/buffer-from-1.1.2.tgz#2b146a6fd72e80b4f55d255f35ed59a3a9a41bd5"
  integrity sha512-E+XQCRwSbaaiChtv6k6Dwgc+bx+Bs6vuKJHHl5kox/BaKbhiXzqQOwK4cO22yElGp2OCmjwVhT3HmxgyPGnJfQ==

chalk@^2.0.0:
  version "2.4.2"
  resolved "https://registry.yarnpkg.com/chalk/-/chalk-2.4.2.tgz#cd42541677a54333cf541a49108c1432b44c9424"
  integrity sha512-Mti+f9lpJNcwF4tWV8/OrTTtF1gZi+f8FqlyAdouralcFWFQWF2+NgCHShjkCb+IFBLq9buZwE1xckQU4peSuQ==
  dependencies:
    ansi-styles "^3.2.1"
    escape-string-regexp "^1.0.5"
    supports-color "^5.3.0"

color-convert@^1.9.0:
  version "1.9.3"
  resolved "https://registry.yarnpkg.com/color-convert/-/color-convert-1.9.3.tgz#bb71850690e1f136567de629d2d5471deda4c1e8"
  integrity sha512-QfAUtd+vFdAtFQcC8CCyYt1fYWxSqAiK2cSD6zDB8N3cpsEBAvRxp9zOGg6G/SHHJYAT88/az/IuDGALsNVbGg==
  dependencies:
    color-name "1.1.3"

color-name@1.1.3:
  version "1.1.3"
  resolved "https://registry.yarnpkg.com/color-name/-/color-name-1.1.3.tgz#a7d0558bd89c42f795dd42328f740831ca53bc25"
  integrity sha512-72fSenhMw2HZMTVHeCA9KCmpEIbzWiQsjN+BHcBbS9vr1mtt+vJjPdksIBNUmKAW8TFUDPJK5SUU3QhE9NEXDw==

commander@^10.0.1:
  version "10.0.1"
  resolved "https://registry.yarnpkg.com/commander/-/commander-10.0.1.tgz#881ee46b4f77d1c1dccc5823433aa39b022cbe06"
  integrity sha512-y4Mg2tXshplEbSGzx7amzPwKKOCGuoSRP/CjEdwwk0FOGlUbq6lKuoyDZTNZkmxHdJtp54hdfY/JUrdL7Xfdug==

commander@^2.20.0:
  version "2.20.3"
  resolved "https://registry.yarnpkg.com/commander/-/commander-2.20.3.tgz#fd485e84c03eb4881c20722ba48035e8531aeb33"
  integrity sha512-GpVkmM8vF2vQUkj2LvZmD35JxeJOLCwJ9cUkugyk2nuhbv3+mJvpLYYt+0+USMxE+oj+ey/lJEnhZw75x/OMcQ==

escape-string-regexp@^1.0.5:
  version "1.0.5"
  resolved "https://registry.yarnpkg.com/escape-string-regexp/-/escape-string-regexp-1.0.5.tgz#1b61c0562190a8dff6ae3bb2cf0200ca130b86d4"
  integrity sha512-vbRorB5FUQWvla16U8R/qgaFIya2qGzwDrNmCZuYKrbdSUMG6I1ZCGQRefkRVhuOkIGVne7BQ35DSfo1qvJqFg==

esprima@^4.0.0:
  version "4.0.1"
  resolved "https://registry.yarnpkg.com/esprima/-/esprima-4.0.1.tgz#13b04cdb3e6c5d19df91ab6987a8695619b0aa71"
  integrity sha512-eGuFFw7Upda+g4p+QHvnW0RyTX/SVeJBDM/gCtMARO0cLuT2HcEKnTPvhjV6aGeqrCB/sbNop0Kszm0jsaWU4A==

fast-xml-parser@4.1.2:
  version "4.1.2"
  resolved "https://registry.yarnpkg.com/fast-xml-parser/-/fast-xml-parser-4.1.2.tgz#5a98c18238d28a57bbdfa9fe4cda01211fff8f4a"
  integrity sha512-CDYeykkle1LiA/uqQyNwYpFbyF6Axec6YapmpUP+/RHWIoR1zKjocdvNaTsxCxZzQ6v9MLXaSYm9Qq0thv0DHg==
  dependencies:
    strnum "^1.0.5"

fsevents@~2.3.2:
  version "2.3.2"
  resolved "https://registry.yarnpkg.com/fsevents/-/fsevents-2.3.2.tgz#8a526f78b8fdf4623b709e0b975c52c24c02fd1a"
  integrity sha512-xiqMQR4xAeHTuB9uWm+fFRcIOgKBMiOBP+eXiyT7jsgVCq1bkVygt00oASowB7EdtpOHaaPgKt812P9ab+DDKA==

has-flag@^3.0.0:
  version "3.0.0"
  resolved "https://registry.yarnpkg.com/has-flag/-/has-flag-3.0.0.tgz#b5d454dc2199ae225699f3467e5a07f3b955bafd"
  integrity sha512-sKJf1+ceQBr4SMkvQnBDNDtf4TXpVhVGateu0t918bl30FnbE2m4vNLX+VWe/dpjlb+HugGYzW7uQXH98HPEYw==

has-flag@^4.0.0:
  version "4.0.0"
  resolved "https://registry.yarnpkg.com/has-flag/-/has-flag-4.0.0.tgz#944771fd9c81c81265c4d6941860da06bb59479b"
  integrity sha512-EykJT/Q1KjTWctppgIAgfSO0tKVuZUjhgMr17kqTumMl6Afv3EISleU7qZUzoXDFTAHTDC4NOoG/ZxU3EvlMPQ==

jest-worker@^26.2.1:
  version "26.6.2"
  resolved "https://registry.yarnpkg.com/jest-worker/-/jest-worker-26.6.2.tgz#7f72cbc4d643c365e27b9fd775f9d0eaa9c7a8ed"
  integrity sha512-KWYVV1c4i+jbMpaBC+U++4Va0cp8OisU185o73T1vo99hqi7w8tSJfUXYswwqqrjzwxa6KpRK54WhPvwf5w6PQ==
  dependencies:
    "@types/node" "*"
    merge-stream "^2.0.0"
    supports-color "^7.0.0"

js-tokens@^4.0.0:
  version "4.0.0"
  resolved "https://registry.yarnpkg.com/js-tokens/-/js-tokens-4.0.0.tgz#19203fb59991df98e3a287050d4647cdeaf32499"
  integrity sha512-RdJUflcE3cUzKiMqQgsCu06FPu9UdIJO0beYbPhHN4k6apgJtifcoCtT9bcxOpYBtpD2kCM6Sbzg4CausW/PKQ==

js-yaml-schema-cfn@^1.1.0:
  version "1.1.0"
  resolved "https://registry.yarnpkg.com/js-yaml-schema-cfn/-/js-yaml-schema-cfn-1.1.0.tgz#7d78c3e3364431acc6b51cb445f465fa85587b37"
  integrity sha512-eF17wwYbhdxeT0Yteq3vjLWSvkE3vZzHWAE5xVkp4zxex3USNLw7SdWNkepl1pQXhOSG6Zg8IFzdIXEtV2CaoQ==
  dependencies:
    js-yaml "^3.7.0"

js-yaml@^3.7.0:
  version "3.14.1"
  resolved "https://registry.yarnpkg.com/js-yaml/-/js-yaml-3.14.1.tgz#dae812fdb3825fa306609a8717383c50c36a0537"
  integrity sha512-okMH7OXXJ7YrN9Ok3/SXrnu4iX9yOk+25nqX4imS2npuvTYDmo/QEZoqwZkYaIDk3jVvBOTOIEgEhaLOynBS9g==
  dependencies:
    argparse "^1.0.7"
    esprima "^4.0.0"

js-yaml@^4.1.0:
  version "4.1.0"
  resolved "https://registry.yarnpkg.com/js-yaml/-/js-yaml-4.1.0.tgz#c1fb65f8f5017901cdd2c951864ba18458a10602"
  integrity sha512-wpxZs9NoxZaJESJGIZTyDEaYpl0FKSA+FB9aJiyemKhMwkxQg63h4T1KJgUGHpTqPDNRcmmYLugrRjJlBtWvRA==
  dependencies:
    argparse "^2.0.1"

merge-stream@^2.0.0:
  version "2.0.0"
  resolved "https://registry.yarnpkg.com/merge-stream/-/merge-stream-2.0.0.tgz#52823629a14dd00c9770fb6ad47dc6310f2c1f60"
  integrity sha512-abv/qOcuPfk3URPfDzmZU1LKmuw8kT+0nIHvKrKgFrwifol/doWcdA4ZqsWQ8ENrFKkd67Mfpo/LovbIUsbt3w==

mnemonist@0.38.3:
  version "0.38.3"
  resolved "https://registry.yarnpkg.com/mnemonist/-/mnemonist-0.38.3.tgz#35ec79c1c1f4357cfda2fe264659c2775ccd7d9d"
  integrity sha512-2K9QYubXx/NAjv4VLq1d1Ly8pWNC5L3BrixtdkyTegXWJIqY+zLNDhhX/A+ZwWt70tB1S8H4BE8FLYEFyNoOBw==
  dependencies:
    obliterator "^1.6.1"

obliterator@^1.6.1:
  version "1.6.1"
  resolved "https://registry.yarnpkg.com/obliterator/-/obliterator-1.6.1.tgz#dea03e8ab821f6c4d96a299e17aef6a3af994ef3"
  integrity sha512-9WXswnqINnnhOG/5SLimUlzuU1hFJUc8zkwyD59Sd+dPOMf05PmnYG/d6Q7HZ+KmgkZJa1PxRso6QdM3sTNHig==

randombytes@^2.1.0:
  version "2.1.0"
  resolved "https://registry.yarnpkg.com/randombytes/-/randombytes-2.1.0.tgz#df6f84372f0270dc65cdf6291349ab7a473d4f2a"
  integrity sha512-vYl3iOX+4CKUWuxGi9Ukhie6fsqXqS9FE2Zaic4tNFD2N2QQaXOMFbuKK4QmDHC0JO6B1Zp41J0LpT0oR68amQ==
  dependencies:
    safe-buffer "^5.1.0"

rollup-plugin-terser@^7.0.2:
  version "7.0.2"
  resolved "https://registry.yarnpkg.com/rollup-plugin-terser/-/rollup-plugin-terser-7.0.2.tgz#e8fbba4869981b2dc35ae7e8a502d5c6c04d324d"
  integrity sha512-w3iIaU4OxcF52UUXiZNsNeuXIMDvFrr+ZXK6bFZ0Q60qyVfq4uLptoS4bbq3paG3x216eQllFZX7zt6TIImguQ==
  dependencies:
    "@babel/code-frame" "^7.10.4"
    jest-worker "^26.2.1"
    serialize-javascript "^4.0.0"
    terser "^5.0.0"

rollup@^3.20.6:
  version "3.20.6"
  resolved "https://registry.yarnpkg.com/rollup/-/rollup-3.20.6.tgz#53c0fd73e397269d2ce5f0ec12851457dd53cacd"
  integrity sha512-2yEB3nQXp/tBQDN0hJScJQheXdvU2wFhh6ld7K/aiZ1vYcak6N/BKjY1QrU6BvO2JWYS8bEs14FRaxXosxy2zw==
  optionalDependencies:
    fsevents "~2.3.2"

safe-buffer@^5.1.0:
  version "5.2.1"
  resolved "https://registry.yarnpkg.com/safe-buffer/-/safe-buffer-5.2.1.tgz#1eaf9fa9bdb1fdd4ec75f58f9cdb4e6b7827eec6"
  integrity sha512-rp3So07KcdmmKbGvgaNxQSJr7bGVSVk5S9Eq1F+ppbRo70+YeaDxkw5Dd8NPN+GD6bjnYm2VuPuCXmpuYvmCXQ==

serialize-javascript@^4.0.0:
  version "4.0.0"
  resolved "https://registry.yarnpkg.com/serialize-javascript/-/serialize-javascript-4.0.0.tgz#b525e1238489a5ecfc42afacc3fe99e666f4b1aa"
  integrity sha512-GaNA54380uFefWghODBWEGisLZFj00nS5ACs6yHa9nLqlLpVLO8ChDGeKRjZnV4Nh4n0Qi7nhYZD/9fCPzEqkw==
  dependencies:
    randombytes "^2.1.0"

source-map-support@~0.5.20:
  version "0.5.21"
  resolved "https://registry.yarnpkg.com/source-map-support/-/source-map-support-0.5.21.tgz#04fe7c7f9e1ed2d662233c28cb2b35b9f63f6e4f"
  integrity sha512-uBHU3L3czsIyYXKX88fdrGovxdSCoTGDRZ6SYXtSRxLZUzHg5P/66Ht6uoUlHu9EZod+inXhKo3qQgwXUT/y1w==
  dependencies:
    buffer-from "^1.0.0"
    source-map "^0.6.0"

source-map@^0.6.0:
  version "0.6.1"
  resolved "https://registry.yarnpkg.com/source-map/-/source-map-0.6.1.tgz#74722af32e9614e9c287a8d0bbde48b5e2f1a263"
  integrity sha512-UjgapumWlbMhkBgzT7Ykc5YXUT46F0iKu8SGXq0bcwP5dz/h0Plj6enJqjz1Zbq2l5WaqYnrVbwWOWMyF3F47g==

sprintf-js@~1.0.2:
  version "1.0.3"
  resolved "https://registry.yarnpkg.com/sprintf-js/-/sprintf-js-1.0.3.tgz#04e6926f662895354f3dd015203633b857297e2c"
  integrity sha512-D9cPgkvLlV3t3IzL0D0YLvGA9Ahk4PcvVwUbN0dSGr1aP0Nrt4AEnTUbuGvquEC0mA64Gqt1fzirlRs5ibXx8g==

strnum@^1.0.5:
  version "1.0.5"
  resolved "https://registry.yarnpkg.com/strnum/-/strnum-1.0.5.tgz#5c4e829fe15ad4ff0d20c3db5ac97b73c9b072db"
  integrity sha512-J8bbNyKKXl5qYcR36TIO8W3mVGVHrmmxsd5PAItGkmyzwJvybiw2IVq5nqd0i4LSNSkB/sx9VHllbfFdr9k1JA==

supports-color@^5.3.0:
  version "5.5.0"
  resolved "https://registry.yarnpkg.com/supports-color/-/supports-color-5.5.0.tgz#e2e69a44ac8772f78a1ec0b35b689df6530efc8f"
  integrity sha512-QjVjwdXIt408MIiAqCX4oUKsgU2EqAGzs2Ppkm4aQYbjm+ZEWEcW4SfFNTr4uMNZma0ey4f5lgLrkB0aX0QMow==
  dependencies:
    has-flag "^3.0.0"

supports-color@^7.0.0:
  version "7.2.0"
  resolved "https://registry.yarnpkg.com/supports-color/-/supports-color-7.2.0.tgz#1b7dcdcb32b8138801b3e478ba6a51caa89648da"
  integrity sha512-qpCAvRl9stuOHveKsn7HncJRvv501qIacKzQlO/+Lwxc9+0q2wLyv4Dfvt80/DPn2pqOBsJdDiogXGR9+OvwRw==
  dependencies:
    has-flag "^4.0.0"

terser@^5.0.0:
  version "5.17.1"
  resolved "https://registry.yarnpkg.com/terser/-/terser-5.17.1.tgz#948f10830454761e2eeedc6debe45c532c83fd69"
  integrity sha512-hVl35zClmpisy6oaoKALOpS0rDYLxRFLHhRuDlEGTKey9qHjS1w9GMORjuwIMt70Wan4lwsLYyWDVnWgF+KUEw==
  dependencies:
    "@jridgewell/source-map" "^0.3.2"
    acorn "^8.5.0"
    commander "^2.20.0"
    source-map-support "~0.5.20"

tslib@^1.11.1:
  version "1.14.1"
  resolved "https://registry.yarnpkg.com/tslib/-/tslib-1.14.1.tgz#cf2d38bdc34a134bcaf1091c41f6619e2f672d00"
  integrity sha512-Xni35NKzjgMrwevysHTCArtLDpPvye8zV/0E4EyYn43P7/7qvQwPh9BGkHewbMulVntbigmcT7rdX3BNo9wRJg==

tslib@^2.3.1, tslib@^2.5.0:
  version "2.5.0"
  resolved "https://registry.yarnpkg.com/tslib/-/tslib-2.5.0.tgz#42bfed86f5787aeb41d031866c8f402429e0fddf"
  integrity sha512-336iVw3rtn2BUK7ORdIAHTyxHGRIHVReokCR3XjbckJMK7ms8FysBfhLR8IXnAgy7T0PTPNBWKiH514FOW/WSg==

uuid@^8.3.2:
  version "8.3.2"
  resolved "https://registry.yarnpkg.com/uuid/-/uuid-8.3.2.tgz#80d5b5ced271bb9af6c445f21a1a04c606cefbe2"
  integrity sha512-+NYs2QeMWy+GWFOEm9xnn6HCDp0l7QBD7ml8zLUmJ+93Q5NF0NocErnwkTkXVFNiX3/fpC6afS8Dhb/gz7R7eg==
